
Microsoft Visual Studio Solution File, Format Version 10.00
# Visual Studio 2008
Project("{FAE04EC0-301F-11D3-BF4B-00C04F79EFBC}") = "XmlConfigLibrary", "XmlConfigLibrary\XmlConfigLibrary.csproj", "{09DDD2D2-8810-4017-8C0A-FF7A5FED9235}"
EndProject
Project("{FAE04EC0-301F-11D3-BF4B-00C04F79EFBC}") = "Test", "Test\Test.csproj", "{139646CF-DEC3-4531-A8E9-8CA60618C3B5}"
EndProject
Global
	GlobalSection(SolutionConfigurationPlatforms) = preSolution
		Debug|Any CPU = Debug|Any CPU
		Release|Any CPU = Release|Any CPU
	EndGlobalSection
	GlobalSection(ProjectConfigurationPlatforms) = postSolution
		{09DDD2D2-8810-4017-8C0A-FF7A5FED9235}.Debug|Any CPU.ActiveCfg = Debug|Any CPU
		{09DDD2D2-8810-4017-8C0A-FF7A5FED9235}.Debug|Any CPU.Build.0 = Debug|Any CPU
		{09DDD2D2-8810-4017-8C0A-FF7A5FED9235}.Release|Any CPU.ActiveCfg = Release|Any CPU
		{09DDD2D2-8810-4017-8C0A-FF7A5FED9235}.Release|Any CPU.Build.0 = Release|Any CPU
		{139646CF-DEC3-4531-A8E9-8CA60618C3B5}.Debug|Any CPU.ActiveCfg = Debug|Any CPU
		{139646CF-DEC3-4531-A8E9-8CA60618C3B5}.Debug|Any CPU.Build.0 = Debug|Any CPU
		{139646CF-DEC3-4531-A8E9-8CA60618C3B5}.Release|Any CPU.ActiveCfg = Release|Any CPU
		{139646CF-DEC3-4531-A8E9-8CA60618C3B5}.Release|Any CPU.Build.0 = Release|Any CPU
	EndGlobalSection
	GlobalSection(SolutionProperties) = preSolution
		HideSolutionNode = FALSE
	EndGlobalSection
EndGlobal
